
Microsoft Visual Studio Solution File, Format Version 12.00
# Visual Studio 15
VisualStudioVersion = 15.0.28307.1022
MinimumVisualStudioVersion = 10.0.40219.1
Project("{FAE04EC0-301F-11D3-BF4B-00C04F79EFBC}") = "Tusk2CSH", "Tusk2CSH\Tusk2CSH.csproj", "{06FEE7F1-D914-4B9F-9DE4-E8D5D9781757}"
EndProject
Global
	GlobalSection(SolutionConfigurationPlatforms) = preSolution
		Debug|Any CPU = Debug|Any CPU
		Release|Any CPU = Release|Any CPU
	EndGlobalSection
	GlobalSection(ProjectConfigurationPlatforms) = postSolution
		{06FEE7F1-D914-4B9F-9DE4-E8D5D9781757}.Debug|Any CPU.ActiveCfg = Debug|Any CPU
		{06FEE7F1-D914-4B9F-9DE4-E8D5D9781757}.Debug|Any CPU.Build.0 = Debug|Any CPU
		{06FEE7F1-D914-4B9F-9DE4-E8D5D9781757}.Release|Any CPU.ActiveCfg = Release|Any CPU
		{06FEE7F1-D914-4B9F-9DE4-E8D5D9781757}.Release|Any CPU.Build.0 = Release|Any CPU
	EndGlobalSection
	GlobalSection(SolutionProperties) = preSolution
		HideSolutionNode = FALSE
	EndGlobalSection
	GlobalSection(ExtensibilityGlobals) = postSolution
		SolutionGuid = {A413FB87-843A-4821-AAA3-4B6EA059AAE8}
	EndGlobalSection
EndGlobal
